PODS:
  - Alamofire (4.3.0)
  - SwiftLint (0.16.1)

DEPENDENCIES:
  - Alamofire (~> 4.3.0)
  - SwiftLint (~> 0.16.1)

SPEC CHECKSUMS:
  Alamofire: 856a113053a7bc9cbe5d6367a555d773fc5cfef7
  SwiftLint: b8b683208cc09640898f16318a7a452274e91f61

PODFILE CHECKSUM: 27db228bde91ab2bd2bcb68f84ec07d066871a65

COCOAPODS: 1.2.0
