PODS:
  - Alamofire (4.3.0)
  - MVVM-Swift (1.1.0)
  - ObjectMapper (2.2.6)
  - Realm (2.7.0):
    - Realm/Headers (= 2.7.0)
  - Realm/Headers (2.7.0)
  - RealmS (2.3.1):
    - ObjectMapper (~> 2.2)
    - RealmSwift (~> 2.2)
  - RealmSwift (2.7.0):
    - Realm (= 2.7.0)
  - SAMKeychain (1.5.2)
  - SwiftDate (4.1.2)
  - SwiftLint (0.16.1)
  - SwiftyJSON (3.1.4)

DEPENDENCIES:
  - Alamofire (~> 4.3.0)
  - MVVM-Swift (from `./`)
  - ObjectMapper (= 2.2.6)
  - RealmS (~> 2.3.1)
  - SAMKeychain (~> 1.5.1)
  - SwiftDate (~> 4.1.2)
  - SwiftLint (~> 0.16.1)
  - SwiftyJSON (~> 3.1.4)

EXTERNAL SOURCES:
  MVVM-Swift:
    :path: "./"

SPEC CHECKSUMS:
  Alamofire: 856a113053a7bc9cbe5d6367a555d773fc5cfef7
  MVVM-Swift: 724fc493e3be2c60841c5b91e9aba67cc1d25829
  ObjectMapper: '042708195cc46c20871cbcbec0453826398273fd'
  Realm: 07e5d3a9e0e41d65fd5f9f05150ed6295d0f093b
  RealmS: 939afb24205b83c0af75770bcf06347b6e5df0da
  RealmSwift: 6d06425d3900c86473c4f323bf6949b43fca22bc
  SAMKeychain: 1865333198217411f35327e8da61b43de79b635b
  SwiftDate: 2dfdebd4f67ae71c9c3e2413ee3c56947f302858
  SwiftLint: b8b683208cc09640898f16318a7a452274e91f61
  SwiftyJSON: c2842d878f95482ffceec5709abc3d05680c0220

PODFILE CHECKSUM: 4f43929878e17802b4c3984c62e555373fa0ae37

COCOAPODS: 1.7.0
